
Microsoft Visual Studio Solution File, Format Version 12.00
# Visual Studio Version 17
VisualStudioVersion = 17.7.34202.233
MinimumVisualStudioVersion = 10.0.40219.1
Project("{FAE04EC0-301F-11D3-BF4B-00C04F79EFBC}") = "Game 1", "Game 1.csproj", "{FDA1AAC3-D25C-4CC1-A339-9E48B8D65A1F}"
EndProject
Global
	GlobalSection(SolutionConfigurationPlatforms) = preSolution
		Debug|Any CPU = Debug|Any CPU
		Release|Any CPU = Release|Any CPU
	EndGlobalSection
	GlobalSection(ProjectConfigurationPlatforms) = postSolution
		{FDA1AAC3-D25C-4CC1-A339-9E48B8D65A1F}.Debug|Any CPU.ActiveCfg = Debug|Any CPU
		{FDA1AAC3-D25C-4CC1-A339-9E48B8D65A1F}.Debug|Any CPU.Build.0 = Debug|Any CPU
		{FDA1AAC3-D25C-4CC1-A339-9E48B8D65A1F}.Release|Any CPU.ActiveCfg = Release|Any CPU
		{FDA1AAC3-D25C-4CC1-A339-9E48B8D65A1F}.Release|Any CPU.Build.0 = Release|Any CPU
	EndGlobalSection
	GlobalSection(SolutionProperties) = preSolution
		HideSolutionNode = FALSE
	EndGlobalSection
	GlobalSection(ExtensibilityGlobals) = postSolution
		SolutionGuid = {CB7172E8-0560-47FD-BD37-3CBEF100341D}
	EndGlobalSection
EndGlobal
